
Microsoft Visual Studio Solution File, Format Version 12.00
# Visual Studio Version 16
VisualStudioVersion = 16.0.31402.337
MinimumVisualStudioVersion = 10.0.40219.1
Project("{FAE04EC0-301F-11D3-BF4B-00C04F79EFBC}") = "Retorno de funções", "Retorno de funções\Retorno de funções.csproj", "{08547472-EE7F-4713-B440-3C9A21E8E1B7}"
EndProject
Global
	GlobalSection(SolutionConfigurationPlatforms) = preSolution
		Debug|Any CPU = Debug|Any CPU
		Release|Any CPU = Release|Any CPU
	EndGlobalSection
	GlobalSection(ProjectConfigurationPlatforms) = postSolution
		{08547472-EE7F-4713-B440-3C9A21E8E1B7}.Debug|Any CPU.ActiveCfg = Debug|Any CPU
		{08547472-EE7F-4713-B440-3C9A21E8E1B7}.Debug|Any CPU.Build.0 = Debug|Any CPU
		{08547472-EE7F-4713-B440-3C9A21E8E1B7}.Release|Any CPU.ActiveCfg = Release|Any CPU
		{08547472-EE7F-4713-B440-3C9A21E8E1B7}.Release|Any CPU.Build.0 = Release|Any CPU
	EndGlobalSection
	GlobalSection(SolutionProperties) = preSolution
		HideSolutionNode = FALSE
	EndGlobalSection
	GlobalSection(ExtensibilityGlobals) = postSolution
		SolutionGuid = {24E5291B-6371-4104-87CE-026DACE3A844}
	EndGlobalSection
EndGlobal
