
Microsoft Visual Studio Solution File, Format Version 12.00
# Visual Studio Version 16
VisualStudioVersion = 16.0.31410.357
MinimumVisualStudioVersion = 10.0.40219.1
Project("{FAE04EC0-301F-11D3-BF4B-00C04F79EFBC}") = "exercício 36", "exercício 36\exercício 36.csproj", "{D1C789F0-41F3-4188-81F1-BE54F18B312E}"
EndProject
Global
	GlobalSection(SolutionConfigurationPlatforms) = preSolution
		Debug|Any CPU = Debug|Any CPU
		Release|Any CPU = Release|Any CPU
	EndGlobalSection
	GlobalSection(ProjectConfigurationPlatforms) = postSolution
		{D1C789F0-41F3-4188-81F1-BE54F18B312E}.Debug|Any CPU.ActiveCfg = Debug|Any CPU
		{D1C789F0-41F3-4188-81F1-BE54F18B312E}.Debug|Any CPU.Build.0 = Debug|Any CPU
		{D1C789F0-41F3-4188-81F1-BE54F18B312E}.Release|Any CPU.ActiveCfg = Release|Any CPU
		{D1C789F0-41F3-4188-81F1-BE54F18B312E}.Release|Any CPU.Build.0 = Release|Any CPU
	EndGlobalSection
	GlobalSection(SolutionProperties) = preSolution
		HideSolutionNode = FALSE
	EndGlobalSection
	GlobalSection(ExtensibilityGlobals) = postSolution
		SolutionGuid = {12537882-9610-4364-BAF4-FDD56811E1D9}
	EndGlobalSection
EndGlobal
