
Microsoft Visual Studio Solution File, Format Version 12.00
# Visual Studio Version 16
VisualStudioVersion = 16.0.31424.327
MinimumVisualStudioVersion = 10.0.40219.1
Project("{FAE04EC0-301F-11D3-BF4B-00C04F79EFBC}") = "ecercício 91", "ecercício 91\ecercício 91.csproj", "{0E4E0381-0E88-4D3C-99A8-265CB8C80641}"
EndProject
Global
	GlobalSection(SolutionConfigurationPlatforms) = preSolution
		Debug|Any CPU = Debug|Any CPU
		Release|Any CPU = Release|Any CPU
	EndGlobalSection
	GlobalSection(ProjectConfigurationPlatforms) = postSolution
		{0E4E0381-0E88-4D3C-99A8-265CB8C80641}.Debug|Any CPU.ActiveCfg = Debug|Any CPU
		{0E4E0381-0E88-4D3C-99A8-265CB8C80641}.Debug|Any CPU.Build.0 = Debug|Any CPU
		{0E4E0381-0E88-4D3C-99A8-265CB8C80641}.Release|Any CPU.ActiveCfg = Release|Any CPU
		{0E4E0381-0E88-4D3C-99A8-265CB8C80641}.Release|Any CPU.Build.0 = Release|Any CPU
	EndGlobalSection
	GlobalSection(SolutionProperties) = preSolution
		HideSolutionNode = FALSE
	EndGlobalSection
	GlobalSection(ExtensibilityGlobals) = postSolution
		SolutionGuid = {EFA997C1-DB15-4281-8C6F-D3191D958598}
	EndGlobalSection
EndGlobal
