
Microsoft Visual Studio Solution File, Format Version 12.00
# Visual Studio Version 16
VisualStudioVersion = 16.0.31402.337
MinimumVisualStudioVersion = 10.0.40219.1
Project("{FAE04EC0-301F-11D3-BF4B-00C04F79EFBC}") = "variáveis 2", "variáveis 2\variáveis 2.csproj", "{646FD3F1-F9FA-43B4-A65C-AECA4F3DD822}"
EndProject
Global
	GlobalSection(SolutionConfigurationPlatforms) = preSolution
		Debug|Any CPU = Debug|Any CPU
		Release|Any CPU = Release|Any CPU
	EndGlobalSection
	GlobalSection(ProjectConfigurationPlatforms) = postSolution
		{646FD3F1-F9FA-43B4-A65C-AECA4F3DD822}.Debug|Any CPU.ActiveCfg = Debug|Any CPU
		{646FD3F1-F9FA-43B4-A65C-AECA4F3DD822}.Debug|Any CPU.Build.0 = Debug|Any CPU
		{646FD3F1-F9FA-43B4-A65C-AECA4F3DD822}.Release|Any CPU.ActiveCfg = Release|Any CPU
		{646FD3F1-F9FA-43B4-A65C-AECA4F3DD822}.Release|Any CPU.Build.0 = Release|Any CPU
	EndGlobalSection
	GlobalSection(SolutionProperties) = preSolution
		HideSolutionNode = FALSE
	EndGlobalSection
	GlobalSection(ExtensibilityGlobals) = postSolution
		SolutionGuid = {86813260-37B3-4F80-9144-938B6D42DA2B}
	EndGlobalSection
EndGlobal
