
Microsoft Visual Studio Solution File, Format Version 12.00
# Visual Studio Version 16
VisualStudioVersion = 16.0.31410.357
MinimumVisualStudioVersion = 10.0.40219.1
Project("{FAE04EC0-301F-11D3-BF4B-00C04F79EFBC}") = "exercício 48", "exercício 48\exercício 48.csproj", "{B1CC1D5D-FD06-4236-81E6-055F3394F06E}"
EndProject
Global
	GlobalSection(SolutionConfigurationPlatforms) = preSolution
		Debug|Any CPU = Debug|Any CPU
		Release|Any CPU = Release|Any CPU
	EndGlobalSection
	GlobalSection(ProjectConfigurationPlatforms) = postSolution
		{B1CC1D5D-FD06-4236-81E6-055F3394F06E}.Debug|Any CPU.ActiveCfg = Debug|Any CPU
		{B1CC1D5D-FD06-4236-81E6-055F3394F06E}.Debug|Any CPU.Build.0 = Debug|Any CPU
		{B1CC1D5D-FD06-4236-81E6-055F3394F06E}.Release|Any CPU.ActiveCfg = Release|Any CPU
		{B1CC1D5D-FD06-4236-81E6-055F3394F06E}.Release|Any CPU.Build.0 = Release|Any CPU
	EndGlobalSection
	GlobalSection(SolutionProperties) = preSolution
		HideSolutionNode = FALSE
	EndGlobalSection
	GlobalSection(ExtensibilityGlobals) = postSolution
		SolutionGuid = {55E427ED-318D-4AE6-88F3-42063580FDFF}
	EndGlobalSection
EndGlobal
