
Microsoft Visual Studio Solution File, Format Version 12.00
# Visual Studio Version 16
VisualStudioVersion = 16.0.31410.357
MinimumVisualStudioVersion = 10.0.40219.1
Project("{FAE04EC0-301F-11D3-BF4B-00C04F79EFBC}") = "exercício 34.1", "exercício 34.1\exercício 34.1.csproj", "{5426D9CC-9693-4945-812A-39714D380911}"
EndProject
Global
	GlobalSection(SolutionConfigurationPlatforms) = preSolution
		Debug|Any CPU = Debug|Any CPU
		Release|Any CPU = Release|Any CPU
	EndGlobalSection
	GlobalSection(ProjectConfigurationPlatforms) = postSolution
		{5426D9CC-9693-4945-812A-39714D380911}.Debug|Any CPU.ActiveCfg = Debug|Any CPU
		{5426D9CC-9693-4945-812A-39714D380911}.Debug|Any CPU.Build.0 = Debug|Any CPU
		{5426D9CC-9693-4945-812A-39714D380911}.Release|Any CPU.ActiveCfg = Release|Any CPU
		{5426D9CC-9693-4945-812A-39714D380911}.Release|Any CPU.Build.0 = Release|Any CPU
	EndGlobalSection
	GlobalSection(SolutionProperties) = preSolution
		HideSolutionNode = FALSE
	EndGlobalSection
	GlobalSection(ExtensibilityGlobals) = postSolution
		SolutionGuid = {C4815127-A103-4AB2-AB7A-B818645F23BE}
	EndGlobalSection
EndGlobal
