
Microsoft Visual Studio Solution File, Format Version 12.00
# Visual Studio Version 16
VisualStudioVersion = 16.0.31424.327
MinimumVisualStudioVersion = 10.0.40219.1
Project("{FAE04EC0-301F-11D3-BF4B-00C04F79EFBC}") = "exercício 81", "exercício 81\exercício 81.csproj", "{3019B24A-2838-45D7-A33C-C4E272FB3B15}"
EndProject
Global
	GlobalSection(SolutionConfigurationPlatforms) = preSolution
		Debug|Any CPU = Debug|Any CPU
		Release|Any CPU = Release|Any CPU
	EndGlobalSection
	GlobalSection(ProjectConfigurationPlatforms) = postSolution
		{3019B24A-2838-45D7-A33C-C4E272FB3B15}.Debug|Any CPU.ActiveCfg = Debug|Any CPU
		{3019B24A-2838-45D7-A33C-C4E272FB3B15}.Debug|Any CPU.Build.0 = Debug|Any CPU
		{3019B24A-2838-45D7-A33C-C4E272FB3B15}.Release|Any CPU.ActiveCfg = Release|Any CPU
		{3019B24A-2838-45D7-A33C-C4E272FB3B15}.Release|Any CPU.Build.0 = Release|Any CPU
	EndGlobalSection
	GlobalSection(SolutionProperties) = preSolution
		HideSolutionNode = FALSE
	EndGlobalSection
	GlobalSection(ExtensibilityGlobals) = postSolution
		SolutionGuid = {56744BE9-122F-4B8B-AD5E-3D8EA03696A1}
	EndGlobalSection
EndGlobal
