
Microsoft Visual Studio Solution File, Format Version 12.00
# Visual Studio Version 16
VisualStudioVersion = 16.0.31402.337
MinimumVisualStudioVersion = 10.0.40219.1
Project("{FAE04EC0-301F-11D3-BF4B-00C04F79EFBC}") = "exercício 19", "exercício 19\exercício 19.csproj", "{6B5CC48C-C9FB-4995-B414-17408891426E}"
EndProject
Global
	GlobalSection(SolutionConfigurationPlatforms) = preSolution
		Debug|Any CPU = Debug|Any CPU
		Release|Any CPU = Release|Any CPU
	EndGlobalSection
	GlobalSection(ProjectConfigurationPlatforms) = postSolution
		{6B5CC48C-C9FB-4995-B414-17408891426E}.Debug|Any CPU.ActiveCfg = Debug|Any CPU
		{6B5CC48C-C9FB-4995-B414-17408891426E}.Debug|Any CPU.Build.0 = Debug|Any CPU
		{6B5CC48C-C9FB-4995-B414-17408891426E}.Release|Any CPU.ActiveCfg = Release|Any CPU
		{6B5CC48C-C9FB-4995-B414-17408891426E}.Release|Any CPU.Build.0 = Release|Any CPU
	EndGlobalSection
	GlobalSection(SolutionProperties) = preSolution
		HideSolutionNode = FALSE
	EndGlobalSection
	GlobalSection(ExtensibilityGlobals) = postSolution
		SolutionGuid = {7BE22DAB-1F68-4D29-9C17-873A112A7A5F}
	EndGlobalSection
EndGlobal
