
Microsoft Visual Studio Solution File, Format Version 12.00
# Visual Studio Version 16
VisualStudioVersion = 16.0.31410.357
MinimumVisualStudioVersion = 10.0.40219.1
Project("{FAE04EC0-301F-11D3-BF4B-00C04F79EFBC}") = "exercício 43 usando FOR", "exercício 43 usando FOR\exercício 43 usando FOR.csproj", "{46DC2358-28BB-453B-9C95-349E52E61BD4}"
EndProject
Global
	GlobalSection(SolutionConfigurationPlatforms) = preSolution
		Debug|Any CPU = Debug|Any CPU
		Release|Any CPU = Release|Any CPU
	EndGlobalSection
	GlobalSection(ProjectConfigurationPlatforms) = postSolution
		{46DC2358-28BB-453B-9C95-349E52E61BD4}.Debug|Any CPU.ActiveCfg = Debug|Any CPU
		{46DC2358-28BB-453B-9C95-349E52E61BD4}.Debug|Any CPU.Build.0 = Debug|Any CPU
		{46DC2358-28BB-453B-9C95-349E52E61BD4}.Release|Any CPU.ActiveCfg = Release|Any CPU
		{46DC2358-28BB-453B-9C95-349E52E61BD4}.Release|Any CPU.Build.0 = Release|Any CPU
	EndGlobalSection
	GlobalSection(SolutionProperties) = preSolution
		HideSolutionNode = FALSE
	EndGlobalSection
	GlobalSection(ExtensibilityGlobals) = postSolution
		SolutionGuid = {E9D17DD4-1220-4B13-8901-10260F1C7F4B}
	EndGlobalSection
EndGlobal
