
Microsoft Visual Studio Solution File, Format Version 12.00
# Visual Studio Version 16
VisualStudioVersion = 16.0.31402.337
MinimumVisualStudioVersion = 10.0.40219.1
Project("{FAE04EC0-301F-11D3-BF4B-00C04F79EFBC}") = "Funções 2", "Funções 2\Funções 2.csproj", "{A1B71AF5-A6E4-476D-9BE1-9BD8CE27678D}"
EndProject
Global
	GlobalSection(SolutionConfigurationPlatforms) = preSolution
		Debug|Any CPU = Debug|Any CPU
		Release|Any CPU = Release|Any CPU
	EndGlobalSection
	GlobalSection(ProjectConfigurationPlatforms) = postSolution
		{A1B71AF5-A6E4-476D-9BE1-9BD8CE27678D}.Debug|Any CPU.ActiveCfg = Debug|Any CPU
		{A1B71AF5-A6E4-476D-9BE1-9BD8CE27678D}.Debug|Any CPU.Build.0 = Debug|Any CPU
		{A1B71AF5-A6E4-476D-9BE1-9BD8CE27678D}.Release|Any CPU.ActiveCfg = Release|Any CPU
		{A1B71AF5-A6E4-476D-9BE1-9BD8CE27678D}.Release|Any CPU.Build.0 = Release|Any CPU
	EndGlobalSection
	GlobalSection(SolutionProperties) = preSolution
		HideSolutionNode = FALSE
	EndGlobalSection
	GlobalSection(ExtensibilityGlobals) = postSolution
		SolutionGuid = {2DA2E4C1-16A0-4A0D-A3B7-DC8E922E62A1}
	EndGlobalSection
EndGlobal
