
Microsoft Visual Studio Solution File, Format Version 12.00
# Visual Studio Version 16
VisualStudioVersion = 16.0.31424.327
MinimumVisualStudioVersion = 10.0.40219.1
Project("{FAE04EC0-301F-11D3-BF4B-00C04F79EFBC}") = "exercício 86", "exercício 86\exercício 86.csproj", "{FB9696FE-F716-4843-A5DF-360FC0F2E866}"
EndProject
Global
	GlobalSection(SolutionConfigurationPlatforms) = preSolution
		Debug|Any CPU = Debug|Any CPU
		Release|Any CPU = Release|Any CPU
	EndGlobalSection
	GlobalSection(ProjectConfigurationPlatforms) = postSolution
		{FB9696FE-F716-4843-A5DF-360FC0F2E866}.Debug|Any CPU.ActiveCfg = Debug|Any CPU
		{FB9696FE-F716-4843-A5DF-360FC0F2E866}.Debug|Any CPU.Build.0 = Debug|Any CPU
		{FB9696FE-F716-4843-A5DF-360FC0F2E866}.Release|Any CPU.ActiveCfg = Release|Any CPU
		{FB9696FE-F716-4843-A5DF-360FC0F2E866}.Release|Any CPU.Build.0 = Release|Any CPU
	EndGlobalSection
	GlobalSection(SolutionProperties) = preSolution
		HideSolutionNode = FALSE
	EndGlobalSection
	GlobalSection(ExtensibilityGlobals) = postSolution
		SolutionGuid = {D70728D7-F5BF-42BE-86B0-212DDEE0687C}
	EndGlobalSection
EndGlobal
