
Microsoft Visual Studio Solution File, Format Version 12.00
# Visual Studio Version 16
VisualStudioVersion = 16.0.31424.327
MinimumVisualStudioVersion = 10.0.40219.1
Project("{FAE04EC0-301F-11D3-BF4B-00C04F79EFBC}") = "exercício 98", "exercício 98\exercício 98.csproj", "{83B21200-D4BB-4951-BB55-9A555DDDAA62}"
EndProject
Global
	GlobalSection(SolutionConfigurationPlatforms) = preSolution
		Debug|Any CPU = Debug|Any CPU
		Release|Any CPU = Release|Any CPU
	EndGlobalSection
	GlobalSection(ProjectConfigurationPlatforms) = postSolution
		{83B21200-D4BB-4951-BB55-9A555DDDAA62}.Debug|Any CPU.ActiveCfg = Debug|Any CPU
		{83B21200-D4BB-4951-BB55-9A555DDDAA62}.Debug|Any CPU.Build.0 = Debug|Any CPU
		{83B21200-D4BB-4951-BB55-9A555DDDAA62}.Release|Any CPU.ActiveCfg = Release|Any CPU
		{83B21200-D4BB-4951-BB55-9A555DDDAA62}.Release|Any CPU.Build.0 = Release|Any CPU
	EndGlobalSection
	GlobalSection(SolutionProperties) = preSolution
		HideSolutionNode = FALSE
	EndGlobalSection
	GlobalSection(ExtensibilityGlobals) = postSolution
		SolutionGuid = {3B8F1118-61DF-4872-9DBF-880C9B133A70}
	EndGlobalSection
EndGlobal
