
Microsoft Visual Studio Solution File, Format Version 12.00
# Visual Studio Version 17
VisualStudioVersion = 17.0.32014.148
MinimumVisualStudioVersion = 10.0.40219.1
Project("{FAE04EC0-301F-11D3-BF4B-00C04F79EFBC}") = "OláMundo", "OláMundo\OláMundo.csproj", "{FB9A2317-BF40-4DFB-B84B-39AE445920D0}"
EndProject
Global
	GlobalSection(SolutionConfigurationPlatforms) = preSolution
		Debug|Any CPU = Debug|Any CPU
		Release|Any CPU = Release|Any CPU
	EndGlobalSection
	GlobalSection(ProjectConfigurationPlatforms) = postSolution
		{FB9A2317-BF40-4DFB-B84B-39AE445920D0}.Debug|Any CPU.ActiveCfg = Debug|Any CPU
		{FB9A2317-BF40-4DFB-B84B-39AE445920D0}.Debug|Any CPU.Build.0 = Debug|Any CPU
		{FB9A2317-BF40-4DFB-B84B-39AE445920D0}.Release|Any CPU.ActiveCfg = Release|Any CPU
		{FB9A2317-BF40-4DFB-B84B-39AE445920D0}.Release|Any CPU.Build.0 = Release|Any CPU
	EndGlobalSection
	GlobalSection(SolutionProperties) = preSolution
		HideSolutionNode = FALSE
	EndGlobalSection
	GlobalSection(ExtensibilityGlobals) = postSolution
		SolutionGuid = {DC6CAA17-3BD1-4266-9342-992CF0A7D6F2}
	EndGlobalSection
EndGlobal
