
Microsoft Visual Studio Solution File, Format Version 12.00
# Visual Studio Version 16
VisualStudioVersion = 16.0.31402.337
MinimumVisualStudioVersion = 10.0.40219.1
Project("{FAE04EC0-301F-11D3-BF4B-00C04F79EFBC}") = "Condicionais", "Condicionais\Condicionais.csproj", "{FD26D105-5F7D-466E-8F35-FE7464C24E1D}"
EndProject
Global
	GlobalSection(SolutionConfigurationPlatforms) = preSolution
		Debug|Any CPU = Debug|Any CPU
		Release|Any CPU = Release|Any CPU
	EndGlobalSection
	GlobalSection(ProjectConfigurationPlatforms) = postSolution
		{FD26D105-5F7D-466E-8F35-FE7464C24E1D}.Debug|Any CPU.ActiveCfg = Debug|Any CPU
		{FD26D105-5F7D-466E-8F35-FE7464C24E1D}.Debug|Any CPU.Build.0 = Debug|Any CPU
		{FD26D105-5F7D-466E-8F35-FE7464C24E1D}.Release|Any CPU.ActiveCfg = Release|Any CPU
		{FD26D105-5F7D-466E-8F35-FE7464C24E1D}.Release|Any CPU.Build.0 = Release|Any CPU
	EndGlobalSection
	GlobalSection(SolutionProperties) = preSolution
		HideSolutionNode = FALSE
	EndGlobalSection
	GlobalSection(ExtensibilityGlobals) = postSolution
		SolutionGuid = {44885C16-0286-4D1A-B385-EA78D84FC30F}
	EndGlobalSection
EndGlobal
