
Microsoft Visual Studio Solution File, Format Version 12.00
# Visual Studio Version 16
VisualStudioVersion = 16.0.31402.337
MinimumVisualStudioVersion = 10.0.40219.1
Project("{FAE04EC0-301F-11D3-BF4B-00C04F79EFBC}") = "Olá Senac", "Olá Senac\Olá Senac.csproj", "{06D0CE3B-BF06-47F1-AF4F-ECE2D0BCB5EB}"
EndProject
Global
	GlobalSection(SolutionConfigurationPlatforms) = preSolution
		Debug|Any CPU = Debug|Any CPU
		Release|Any CPU = Release|Any CPU
	EndGlobalSection
	GlobalSection(ProjectConfigurationPlatforms) = postSolution
		{06D0CE3B-BF06-47F1-AF4F-ECE2D0BCB5EB}.Debug|Any CPU.ActiveCfg = Debug|Any CPU
		{06D0CE3B-BF06-47F1-AF4F-ECE2D0BCB5EB}.Debug|Any CPU.Build.0 = Debug|Any CPU
		{06D0CE3B-BF06-47F1-AF4F-ECE2D0BCB5EB}.Release|Any CPU.ActiveCfg = Release|Any CPU
		{06D0CE3B-BF06-47F1-AF4F-ECE2D0BCB5EB}.Release|Any CPU.Build.0 = Release|Any CPU
	EndGlobalSection
	GlobalSection(SolutionProperties) = preSolution
		HideSolutionNode = FALSE
	EndGlobalSection
	GlobalSection(ExtensibilityGlobals) = postSolution
		SolutionGuid = {8B4970E5-2718-4C3F-B7EF-FCC6EC28D668}
	EndGlobalSection
EndGlobal
