
Microsoft Visual Studio Solution File, Format Version 12.00
# Visual Studio Version 16
VisualStudioVersion = 16.0.31410.357
MinimumVisualStudioVersion = 10.0.40219.1
Project("{FAE04EC0-301F-11D3-BF4B-00C04F79EFBC}") = "exercício 39", "exercício 39\exercício 39.csproj", "{571D4AF2-919C-4527-8D9A-0BAD63E33BBD}"
EndProject
Global
	GlobalSection(SolutionConfigurationPlatforms) = preSolution
		Debug|Any CPU = Debug|Any CPU
		Release|Any CPU = Release|Any CPU
	EndGlobalSection
	GlobalSection(ProjectConfigurationPlatforms) = postSolution
		{571D4AF2-919C-4527-8D9A-0BAD63E33BBD}.Debug|Any CPU.ActiveCfg = Debug|Any CPU
		{571D4AF2-919C-4527-8D9A-0BAD63E33BBD}.Debug|Any CPU.Build.0 = Debug|Any CPU
		{571D4AF2-919C-4527-8D9A-0BAD63E33BBD}.Release|Any CPU.ActiveCfg = Release|Any CPU
		{571D4AF2-919C-4527-8D9A-0BAD63E33BBD}.Release|Any CPU.Build.0 = Release|Any CPU
	EndGlobalSection
	GlobalSection(SolutionProperties) = preSolution
		HideSolutionNode = FALSE
	EndGlobalSection
	GlobalSection(ExtensibilityGlobals) = postSolution
		SolutionGuid = {7809BA0D-2385-4176-A9A5-8CF55C7E74C1}
	EndGlobalSection
EndGlobal
