
Microsoft Visual Studio Solution File, Format Version 12.00
# Visual Studio Version 16
VisualStudioVersion = 16.0.31410.357
MinimumVisualStudioVersion = 10.0.40219.1
Project("{FAE04EC0-301F-11D3-BF4B-00C04F79EFBC}") = "exercício 68", "exercício 68\exercício 68.csproj", "{8EB72B12-9EE3-4355-B82C-BB95AF890B45}"
EndProject
Global
	GlobalSection(SolutionConfigurationPlatforms) = preSolution
		Debug|Any CPU = Debug|Any CPU
		Release|Any CPU = Release|Any CPU
	EndGlobalSection
	GlobalSection(ProjectConfigurationPlatforms) = postSolution
		{8EB72B12-9EE3-4355-B82C-BB95AF890B45}.Debug|Any CPU.ActiveCfg = Debug|Any CPU
		{8EB72B12-9EE3-4355-B82C-BB95AF890B45}.Debug|Any CPU.Build.0 = Debug|Any CPU
		{8EB72B12-9EE3-4355-B82C-BB95AF890B45}.Release|Any CPU.ActiveCfg = Release|Any CPU
		{8EB72B12-9EE3-4355-B82C-BB95AF890B45}.Release|Any CPU.Build.0 = Release|Any CPU
	EndGlobalSection
	GlobalSection(SolutionProperties) = preSolution
		HideSolutionNode = FALSE
	EndGlobalSection
	GlobalSection(ExtensibilityGlobals) = postSolution
		SolutionGuid = {94C4E0DF-1339-4C1B-BD50-A68710F1A942}
	EndGlobalSection
EndGlobal
