
Microsoft Visual Studio Solution File, Format Version 12.00
# Visual Studio Version 16
VisualStudioVersion = 16.0.31424.327
MinimumVisualStudioVersion = 10.0.40219.1
Project("{FAE04EC0-301F-11D3-BF4B-00C04F79EFBC}") = "exercício 88", "exercício 88\exercício 88.csproj", "{CA0290EB-08D6-47D3-A7ED-3717A050B3B4}"
EndProject
Global
	GlobalSection(SolutionConfigurationPlatforms) = preSolution
		Debug|Any CPU = Debug|Any CPU
		Release|Any CPU = Release|Any CPU
	EndGlobalSection
	GlobalSection(ProjectConfigurationPlatforms) = postSolution
		{CA0290EB-08D6-47D3-A7ED-3717A050B3B4}.Debug|Any CPU.ActiveCfg = Debug|Any CPU
		{CA0290EB-08D6-47D3-A7ED-3717A050B3B4}.Debug|Any CPU.Build.0 = Debug|Any CPU
		{CA0290EB-08D6-47D3-A7ED-3717A050B3B4}.Release|Any CPU.ActiveCfg = Release|Any CPU
		{CA0290EB-08D6-47D3-A7ED-3717A050B3B4}.Release|Any CPU.Build.0 = Release|Any CPU
	EndGlobalSection
	GlobalSection(SolutionProperties) = preSolution
		HideSolutionNode = FALSE
	EndGlobalSection
	GlobalSection(ExtensibilityGlobals) = postSolution
		SolutionGuid = {191A6E72-4321-40F7-AB01-E11C2050B007}
	EndGlobalSection
EndGlobal
